
Microsoft Visual Studio Solution File, Format Version 12.00
# Visual Studio 15
Project("{FAE04EC0-301F-11D3-BF4B-00C04F79EFBC}") = "Fsm", "Assembly-CSharp.csproj", "{F03A987D-C84E-13D5-9C3A-303EFD365842}"
EndProject
Global
	GlobalSection(SolutionConfigurationPlatforms) = preSolution
		Debug|Any CPU = Debug|Any CPU
		Release|Any CPU = Release|Any CPU
	EndGlobalSection
	GlobalSection(ProjectConfigurationPlatforms) = postSolution
		{F03A987D-C84E-13D5-9C3A-303EFD365842}.Debug|Any CPU.ActiveCfg = Debug|Any CPU
		{F03A987D-C84E-13D5-9C3A-303EFD365842}.Debug|Any CPU.Build.0 = Debug|Any CPU
		{F03A987D-C84E-13D5-9C3A-303EFD365842}.Release|Any CPU.ActiveCfg = Release|Any CPU
		{F03A987D-C84E-13D5-9C3A-303EFD365842}.Release|Any CPU.Build.0 = Release|Any CPU
	EndGlobalSection
	GlobalSection(SolutionProperties) = preSolution
		HideSolutionNode = FALSE
	EndGlobalSection
EndGlobal
