
Microsoft Visual Studio Solution File, Format Version 12.00
# Visual Studio 15
VisualStudioVersion = 15.0.28010.2016
MinimumVisualStudioVersion = 10.0.40219.1
Project("{FAE04EC0-301F-11D3-BF4B-00C04F79EFBC}") = "stringtest", "stringtest.csproj", "{871D86DE-DE86-4FD8-9F91-24F7F07EA2E8}"
EndProject
Project("{FAE04EC0-301F-11D3-BF4B-00C04F79EFBC}") = "SealMethond", "..\SealMethond\SealMethond.csproj", "{7A2477C6-92F2-4BD9-B7DA-CD4F6EB663D6}"
EndProject
Global
	GlobalSection(SolutionConfigurationPlatforms) = preSolution
		Debug|Any CPU = Debug|Any CPU
		Release|Any CPU = Release|Any CPU
	EndGlobalSection
	GlobalSection(ProjectConfigurationPlatforms) = postSolution
		{871D86DE-DE86-4FD8-9F91-24F7F07EA2E8}.Debug|Any CPU.ActiveCfg = Debug|Any CPU
		{871D86DE-DE86-4FD8-9F91-24F7F07EA2E8}.Debug|Any CPU.Build.0 = Debug|Any CPU
		{871D86DE-DE86-4FD8-9F91-24F7F07EA2E8}.Release|Any CPU.ActiveCfg = Release|Any CPU
		{871D86DE-DE86-4FD8-9F91-24F7F07EA2E8}.Release|Any CPU.Build.0 = Release|Any CPU
		{7A2477C6-92F2-4BD9-B7DA-CD4F6EB663D6}.Debug|Any CPU.ActiveCfg = Debug|Any CPU
		{7A2477C6-92F2-4BD9-B7DA-CD4F6EB663D6}.Debug|Any CPU.Build.0 = Debug|Any CPU
		{7A2477C6-92F2-4BD9-B7DA-CD4F6EB663D6}.Release|Any CPU.ActiveCfg = Release|Any CPU
		{7A2477C6-92F2-4BD9-B7DA-CD4F6EB663D6}.Release|Any CPU.Build.0 = Release|Any CPU
	EndGlobalSection
	GlobalSection(SolutionProperties) = preSolution
		HideSolutionNode = FALSE
	EndGlobalSection
	GlobalSection(ExtensibilityGlobals) = postSolution
		SolutionGuid = {872A6767-FC0E-4243-B78B-B8315D0C01C4}
	EndGlobalSection
EndGlobal
